
Microsoft Visual Studio Solution File, Format Version 12.00
# Visual Studio Version 17
VisualStudioVersion = 17.5.33414.496
MinimumVisualStudioVersion = 10.0.40219.1
Project("{FAE04EC0-301F-11D3-BF4B-00C04F79EFBC}") = "Switch_case", "Switch_case\Switch_case.csproj", "{D5F158AE-64FA-4BE4-84E4-B0AFB6192062}"
EndProject
Project("{FAE04EC0-301F-11D3-BF4B-00C04F79EFBC}") = "ConsoleApp1", "ConsoleApp1\ConsoleApp1.csproj", "{C83AF7F9-9A13-4E95-979E-98CF8AB85EC8}"
EndProject
Global
	GlobalSection(SolutionConfigurationPlatforms) = preSolution
		Debug|Any CPU = Debug|Any CPU
		Release|Any CPU = Release|Any CPU
	EndGlobalSection
	GlobalSection(ProjectConfigurationPlatforms) = postSolution
		{D5F158AE-64FA-4BE4-84E4-B0AFB6192062}.Debug|Any CPU.ActiveCfg = Debug|Any CPU
		{D5F158AE-64FA-4BE4-84E4-B0AFB6192062}.Debug|Any CPU.Build.0 = Debug|Any CPU
		{D5F158AE-64FA-4BE4-84E4-B0AFB6192062}.Release|Any CPU.ActiveCfg = Release|Any CPU
		{D5F158AE-64FA-4BE4-84E4-B0AFB6192062}.Release|Any CPU.Build.0 = Release|Any CPU
		{C83AF7F9-9A13-4E95-979E-98CF8AB85EC8}.Debug|Any CPU.ActiveCfg = Debug|Any CPU
		{C83AF7F9-9A13-4E95-979E-98CF8AB85EC8}.Debug|Any CPU.Build.0 = Debug|Any CPU
		{C83AF7F9-9A13-4E95-979E-98CF8AB85EC8}.Release|Any CPU.ActiveCfg = Release|Any CPU
		{C83AF7F9-9A13-4E95-979E-98CF8AB85EC8}.Release|Any CPU.Build.0 = Release|Any CPU
	EndGlobalSection
	GlobalSection(SolutionProperties) = preSolution
		HideSolutionNode = FALSE
	EndGlobalSection
	GlobalSection(ExtensibilityGlobals) = postSolution
		SolutionGuid = {B85D08B4-78DF-4337-B53A-53D15B4756A3}
	EndGlobalSection
EndGlobal
